
Microsoft Visual Studio Solution File, Format Version 12.00
# Visual Studio Version 17
VisualStudioVersion = 17.13.35825.156 d17.13
MinimumVisualStudioVersion = 10.0.40219.1
Project("{FAE04EC0-301F-11D3-BF4B-00C04F79EFBC}") = "odevlerim", "odevlerim\odevlerim.csproj", "{6B947685-FCE3-47C4-B411-5E071EBA0993}"
EndProject
Global
	GlobalSection(SolutionConfigurationPlatforms) = preSolution
		Debug|Any CPU = Debug|Any CPU
		Release|Any CPU = Release|Any CPU
	EndGlobalSection
	GlobalSection(ProjectConfigurationPlatforms) = postSolution
		{6B947685-FCE3-47C4-B411-5E071EBA0993}.Debug|Any CPU.ActiveCfg = Debug|Any CPU
		{6B947685-FCE3-47C4-B411-5E071EBA0993}.Debug|Any CPU.Build.0 = Debug|Any CPU
		{6B947685-FCE3-47C4-B411-5E071EBA0993}.Release|Any CPU.ActiveCfg = Release|Any CPU
		{6B947685-FCE3-47C4-B411-5E071EBA0993}.Release|Any CPU.Build.0 = Release|Any CPU
	EndGlobalSection
	GlobalSection(SolutionProperties) = preSolution
		HideSolutionNode = FALSE
	EndGlobalSection
	GlobalSection(ExtensibilityGlobals) = postSolution
		SolutionGuid = {9EA4E3CD-214E-4F7D-BF01-D6C8C5770DA2}
	EndGlobalSection
EndGlobal
